
Microsoft Visual Studio Solution File, Format Version 12.00
# Visual Studio Version 17
VisualStudioVersion = 17.10.35013.160
MinimumVisualStudioVersion = 10.0.40219.1
Project("{FAE04EC0-301F-11D3-BF4B-00C04F79EFBC}") = "CW_18_114", "CW_18_114\CW_18_114.csproj", "{6B612516-0BE1-46B8-A326-C2256E6BD178}"
EndProject
Project("{FAE04EC0-301F-11D3-BF4B-00C04F79EFBC}") = "DataAccess", "DataAccess\DataAccess.csproj", "{50209A60-C12E-4570-BFF1-28019E2079E2}"
EndProject
Project("{FAE04EC0-301F-11D3-BF4B-00C04F79EFBC}") = "Services", "Services\Services.csproj", "{59DA199D-B40C-4251-BE88-36134B777972}"
EndProject
Project("{FAE04EC0-301F-11D3-BF4B-00C04F79EFBC}") = "Domain", "Domain\Domain.csproj", "{D39D20B0-EE1C-45F2-BC88-D1D0CA7BCEFE}"
EndProject
Global
	GlobalSection(SolutionConfigurationPlatforms) = preSolution
		Debug|Any CPU = Debug|Any CPU
		Release|Any CPU = Release|Any CPU
	EndGlobalSection
	GlobalSection(ProjectConfigurationPlatforms) = postSolution
		{6B612516-0BE1-46B8-A326-C2256E6BD178}.Debug|Any CPU.ActiveCfg = Debug|Any CPU
		{6B612516-0BE1-46B8-A326-C2256E6BD178}.Debug|Any CPU.Build.0 = Debug|Any CPU
		{6B612516-0BE1-46B8-A326-C2256E6BD178}.Release|Any CPU.ActiveCfg = Release|Any CPU
		{6B612516-0BE1-46B8-A326-C2256E6BD178}.Release|Any CPU.Build.0 = Release|Any CPU
		{50209A60-C12E-4570-BFF1-28019E2079E2}.Debug|Any CPU.ActiveCfg = Debug|Any CPU
		{50209A60-C12E-4570-BFF1-28019E2079E2}.Debug|Any CPU.Build.0 = Debug|Any CPU
		{50209A60-C12E-4570-BFF1-28019E2079E2}.Release|Any CPU.ActiveCfg = Release|Any CPU
		{50209A60-C12E-4570-BFF1-28019E2079E2}.Release|Any CPU.Build.0 = Release|Any CPU
		{59DA199D-B40C-4251-BE88-36134B777972}.Debug|Any CPU.ActiveCfg = Debug|Any CPU
		{59DA199D-B40C-4251-BE88-36134B777972}.Debug|Any CPU.Build.0 = Debug|Any CPU
		{59DA199D-B40C-4251-BE88-36134B777972}.Release|Any CPU.ActiveCfg = Release|Any CPU
		{59DA199D-B40C-4251-BE88-36134B777972}.Release|Any CPU.Build.0 = Release|Any CPU
		{D39D20B0-EE1C-45F2-BC88-D1D0CA7BCEFE}.Debug|Any CPU.ActiveCfg = Debug|Any CPU
		{D39D20B0-EE1C-45F2-BC88-D1D0CA7BCEFE}.Debug|Any CPU.Build.0 = Debug|Any CPU
		{D39D20B0-EE1C-45F2-BC88-D1D0CA7BCEFE}.Release|Any CPU.ActiveCfg = Release|Any CPU
		{D39D20B0-EE1C-45F2-BC88-D1D0CA7BCEFE}.Release|Any CPU.Build.0 = Release|Any CPU
	EndGlobalSection
	GlobalSection(SolutionProperties) = preSolution
		HideSolutionNode = FALSE
	EndGlobalSection
	GlobalSection(ExtensibilityGlobals) = postSolution
		SolutionGuid = {8816D8B0-2322-471A-B926-F0AA5FBF8C9D}
	EndGlobalSection
EndGlobal
